
Microsoft Visual Studio Solution File, Format Version 12.00
# Visual Studio 15
Project("{FAE04EC0-301F-11D3-BF4B-00C04F79EFBC}") = "OdeToFood", "OdeToFood\OdeToFood.csproj", "{845D041F-3F29-4018-B858-92281E0B3DDA}"
EndProject
Project("{FAE04EC0-301F-11D3-BF4B-00C04F79EFBC}") = "OdeToFood.core", "OdeToFood.core\OdeToFood.core.csproj", "{8B655007-EAE2-493A-872A-F360E97C5ED5}"
EndProject
Project("{FAE04EC0-301F-11D3-BF4B-00C04F79EFBC}") = "OdeToFood.Data", "OdeToFood.Data\OdeToFood.Data.csproj", "{B5149419-7EB0-4CC4-ABD3-88A07B8FA33D}"
EndProject
Global
	GlobalSection(SolutionConfigurationPlatforms) = preSolution
		Debug|Any CPU = Debug|Any CPU
		Release|Any CPU = Release|Any CPU
	EndGlobalSection
	GlobalSection(ProjectConfigurationPlatforms) = postSolution
		{845D041F-3F29-4018-B858-92281E0B3DDA}.Debug|Any CPU.ActiveCfg = Debug|Any CPU
		{845D041F-3F29-4018-B858-92281E0B3DDA}.Debug|Any CPU.Build.0 = Debug|Any CPU
		{845D041F-3F29-4018-B858-92281E0B3DDA}.Release|Any CPU.ActiveCfg = Release|Any CPU
		{845D041F-3F29-4018-B858-92281E0B3DDA}.Release|Any CPU.Build.0 = Release|Any CPU
		{8B655007-EAE2-493A-872A-F360E97C5ED5}.Debug|Any CPU.ActiveCfg = Debug|Any CPU
		{8B655007-EAE2-493A-872A-F360E97C5ED5}.Debug|Any CPU.Build.0 = Debug|Any CPU
		{8B655007-EAE2-493A-872A-F360E97C5ED5}.Release|Any CPU.ActiveCfg = Release|Any CPU
		{8B655007-EAE2-493A-872A-F360E97C5ED5}.Release|Any CPU.Build.0 = Release|Any CPU
		{B5149419-7EB0-4CC4-ABD3-88A07B8FA33D}.Debug|Any CPU.ActiveCfg = Debug|Any CPU
		{B5149419-7EB0-4CC4-ABD3-88A07B8FA33D}.Debug|Any CPU.Build.0 = Debug|Any CPU
		{B5149419-7EB0-4CC4-ABD3-88A07B8FA33D}.Release|Any CPU.ActiveCfg = Release|Any CPU
		{B5149419-7EB0-4CC4-ABD3-88A07B8FA33D}.Release|Any CPU.Build.0 = Release|Any CPU
	EndGlobalSection
EndGlobal
